// !$*UTF8*$!
{
	archiveVersion = 1;
	classes = {
	};
	objectVersion = 50;
	objects = {

/* Begin PBXBuildFile section */
		9DEE670326C01C4800F1D279 /* AppDelegate.swift in Sources */ = {isa = PBXBuildFile; fileRef = 9DEE670226C01C4800F1D279 /* AppDelegate.swift */; };
		9DEE670526C01C4800F1D279 /* SceneDelegate.swift in Sources */ = {isa = PBXBuildFile; fileRef = 9DEE670426C01C4800F1D279 /* SceneDelegate.swift */; };
		9DEE670A26C01C4800F1D279 /* Main.storyboard in Resources */ = {isa = PBXBuildFile; fileRef = 9DEE670826C01C4800F1D279 /* Main.storyboard */; };
		9DEE670C26C01C4900F1D279 /* Assets.xcassets in Resources */ = {isa = PBXBuildFile; fileRef = 9DEE670B26C01C4900F1D279 /* Assets.xcassets */; };
		9DEE670F26C01C4900F1D279 /* LaunchScreen.storyboard in Resources */ = {isa = PBXBuildFile; fileRef = 9DEE670D26C01C4900F1D279 /* LaunchScreen.storyboard */; };
		9DEE672926C03C1800F1D279 /* LoginViewController.swift in Sources */ = {isa = PBXBuildFile; fileRef = 9DEE672826C03C1800F1D279 /* LoginViewController.swift */; };
/* End PBXBuildFile section */

/* Begin PBXFileReference section */
		9DEE66FF26C01C4800F1D279 /* UI_app.app */ = {isa = PBXFileReference; explicitFileType = wrapper.application; includeInIndex = 0; path = UI_app.app; sourceTree = BUILT_PRODUCTS_DIR; };
		9DEE670226C01C4800F1D279 /* AppDelegate.swift */ = {isa = PBXFileReference; lastKnownFileType = sourcecode.swift; path = AppDelegate.swift; sourceTree = "<group>"; };
		9DEE670426C01C4800F1D279 /* SceneDelegate.swift */ = {isa = PBXFileReference; lastKnownFileType = sourcecode.swift; path = SceneDelegate.swift; sourceTree = "<group>"; };
		9DEE670926C01C4800F1D279 /* Base */ = {isa = PBXFileReference; lastKnownFileType = file.storyboard; name = Base; path = Base.lproj/Main.storyboard; sourceTree = "<group>"; };
		9DEE670B26C01C4900F1D279 /* Assets.xcassets */ = {isa = PBXFileReference; lastKnownFileType = folder.assetcatalog; path = Assets.xcassets; sourceTree = "<group>"; };
		9DEE670E26C01C4900F1D279 /* Base */ = {isa = PBXFileReference; lastKnownFileType = file.storyboard; name = Base; path = Base.lproj/LaunchScreen.storyboard; sourceTree = "<group>"; };
		9DEE671026C01C4900F1D279 /* Info.plist */ = {isa = PBXFileReference; lastKnownFileType = text.plist.xml; path = Info.plist; sourceTree = "<group>"; };
		9DEE672826C03C1800F1D279 /* LoginViewController.swift */ = {isa = PBXFileReference; lastKnownFileType = sourcecode.swift; path = LoginViewController.swift; sourceTree = "<group>"; };
/* End PBXFileReference section */

/* Begin PBXFrameworksBuildPhase section */
		9DEE66FC26C01C4800F1D279 /* Frameworks */ = {
			isa = PBXFrameworksBuildPhase;
			buildActionMask = 2147483647;
			files = (
			);
			runOnlyForDeploymentPostprocessing = 0;
		};
/* End PBXFrameworksBuildPhase section */

/* Begin PBXGroup section */
		9DEE66F626C01C4800F1D279 = {
			isa = PBXGroup;
			children = (
				9DEE670126C01C4800F1D279 /* UI_app */,
				9DEE670026C01C4800F1D279 /* Products */,
			);
			sourceTree = "<group>";
		};
		9DEE670026C01C4800F1D279 /* Products */ = {
			isa = PBXGroup;
			children = (
				9DEE66FF26C01C4800F1D279 /* UI_app.app */,
			);
			name = Products;
			sourceTree = "<group>";
		};
		9DEE670126C01C4800F1D279 /* UI_app */ = {
			isa = PBXGroup;
			children = (
				9DEE671826C01D3200F1D279 /* AppDelegate */,
				9DEE672626C039BE00F1D279 /* Presentation */,
				9DEE670826C01C4800F1D279 /* Main.storyboard */,
				9DEE671C26C01E7100F1D279 /* Resource */,
				9DEE671A26C01DDB00F1D279 /* Config */,
			);
			path = UI_app;
			sourceTree = "<group>";
		};
		9DEE671826C01D3200F1D279 /* AppDelegate */ = {
			isa = PBXGroup;
			children = (
				9DEE670226C01C4800F1D279 /* AppDelegate.swift */,
				9DEE670426C01C4800F1D279 /* SceneDelegate.swift */,
			);
			path = AppDelegate;
			sourceTree = "<group>";
		};
		9DEE671A26C01DDB00F1D279 /* Config */ = {
			isa = PBXGroup;
			children = (
				9DEE671026C01C4900F1D279 /* Info.plist */,
			);
			path = Config;
			sourceTree = "<group>";
		};
		9DEE671C26C01E7100F1D279 /* Resource */ = {
			isa = PBXGroup;
			children = (
				9DEE670D26C01C4900F1D279 /* LaunchScreen.storyboard */,
				9DEE670B26C01C4900F1D279 /* Assets.xcassets */,
			);
			path = Resource;
			sourceTree = "<group>";
		};
		9DEE672626C039BE00F1D279 /* Presentation */ = {
			isa = PBXGroup;
			children = (
				9DEE672726C039DB00F1D279 /* Login */,
			);
			path = Presentation;
			sourceTree = "<group>";
		};
		9DEE672726C039DB00F1D279 /* Login */ = {
			isa = PBXGroup;
			children = (
				9DEE672826C03C1800F1D279 /* LoginViewController.swift */,
			);
			path = Login;
			sourceTree = "<group>";
		};
/* End PBXGroup section */

/* Begin PBXNativeTarget section */
		9DEE66FE26C01C4800F1D279 /* UI_app */ = {
			isa = PBXNativeTarget;
			buildConfigurationList = 9DEE671326C01C4900F1D279 /* Build configuration list for PBXNativeTarget "UI_app" */;
			buildPhases = (
				9DEE66FB26C01C4800F1D279 /* Sources */,
				9DEE66FC26C01C4800F1D279 /* Frameworks */,
				9DEE66FD26C01C4800F1D279 /* Resources */,
			);
			buildRules = (
			);
			dependencies = (
			);
			name = UI_app;
			productName = UI_app;
			productReference = 9DEE66FF26C01C4800F1D279 /* UI_app.app */;
			productType = "com.apple.product-type.application";
		};
/* End PBXNativeTarget section */

/* Begin PBXProject section */
		9DEE66F726C01C4800F1D279 /* Project object */ = {
			isa = PBXProject;
			attributes = {
				LastSwiftUpdateCheck = 1240;
				LastUpgradeCheck = 1240;
				TargetAttributes = {
					9DEE66FE26C01C4800F1D279 = {
						CreatedOnToolsVersion = 12.4;
					};
				};
			};
			buildConfigurationList = 9DEE66FA26C01C4800F1D279 /* Build configuration list for PBXProject "UI_app" */;
			compatibilityVersion = "Xcode 9.3";
			developmentRegion = en;
			hasScannedForEncodings = 0;
			knownRegions = (
				en,
				Base,
			);
			mainGroup = 9DEE66F626C01C4800F1D279;
			productRefGroup = 9DEE670026C01C4800F1D279 /* Products */;
			projectDirPath = "";
			projectRoot = "";
			targets = (
				9DEE66FE26C01C4800F1D279 /* UI_app */,
			);
		};
/* End PBXProject section */

/* Begin PBXResourcesBuildPhase section */
		9DEE66FD26C01C4800F1D279 /* Resources */ = {
			isa = PBXResourcesBuildPhase;
			buildActionMask = 2147483647;
			files = (
				9DEE670F26C01C4900F1D279 /* LaunchScreen.storyboard in Resources */,
				9DEE670C26C01C4900F1D279 /* Assets.xcassets in Resources */,
				9DEE670A26C01C4800F1D279 /* Main.storyboard in Resources */,
			);
			runOnlyForDeploymentPostprocessing = 0;
		};
/* End PBXResourcesBuildPhase section */

/* Begin PBXSourcesBuildPhase section */
		9DEE66FB26C01C4800F1D279 /* Sources */ = {
			isa = PBXSourcesBuildPhase;
			buildActionMask = 2147483647;
			files = (
				9DEE672926C03C1800F1D279 /* LoginViewController.swift in Sources */,
				9DEE670326C01C4800F1D279 /* AppDelegate.swift in Sources */,
				9DEE670526C01C4800F1D279 /* SceneDelegate.swift in Sources */,
			);
			runOnlyForDeploymentPostprocessing = 0;
		};
/* End PBXSourcesBuildPhase section */

/* Begin PBXVariantGroup section */
		9DEE670826C01C4800F1D279 /* Main.storyboard */ = {
			isa = PBXVariantGroup;
			children = (
				9DEE670926C01C4800F1D279 /* Base */,
			);
			name = Main.storyboard;
			sourceTree = "<group>";
		};
		9DEE670D26C01C4900F1D279 /* LaunchScreen.storyboard */ = {
			isa = PBXVariantGroup;
			children = (
				9DEE670E26C01C4900F1D279 /* Base */,
			);
			name = LaunchScreen.storyboard;
			sourceTree = "<group>";
		};
/* End PBXVariantGroup section */

/* Begin XCBuildConfiguration section */
		9DEE671126C01C4900F1D279 /* Debug */ = {
			isa = XCBuildConfiguration;
			buildSettings = {
				ALWAYS_SEARCH_USER_PATHS = NO;
				CLANG_ANALYZER_NONNULL = YES;
				CLANG_ANALYZER_NUMBER_OBJECT_CONVERSION = YES_AGGRESSIVE;
				CLANG_CXX_LANGUAGE_STANDARD = "gnu++14";
				CLANG_CXX_LIBRARY = "libc++";
				CLANG_ENABLE_MODULES = YES;
				CLANG_ENABLE_OBJC_ARC = YES;
				CLANG_ENABLE_OBJC_WEAK = YES;
				CLANG_WARN_BLOCK_CAPTURE_AUTORELEASING = YES;
				CLANG_WARN_BOOL_CONVERSION = YES;
				CLANG_WARN_COMMA = YES;
				CLANG_WARN_CONSTANT_CONVERSION = YES;
				CLANG_WARN_DEPRECATED_OBJC_IMPLEMENTATIONS = YES;
				CLANG_WARN_DIRECT_OBJC_ISA_USAGE = YES_ERROR;
				CLANG_WARN_DOCUMENTATION_COMMENTS = YES;
				CLANG_WARN_EMPTY_BODY = YES;
				CLANG_WARN_ENUM_CONVERSION = YES;
				CLANG_WARN_INFINITE_RECURSION = YES;
				CLANG_WARN_INT_CONVERSION = YES;
				CLANG_WARN_NON_LITERAL_NULL_CONVERSION = YES;
				CLANG_WARN_OBJC_IMPLICIT_RETAIN_SELF = YES;
				CLANG_WARN_OBJC_LITERAL_CONVERSION = YES;
				CLANG_WARN_OBJC_ROOT_CLASS = YES_ERROR;
				CLANG_WARN_QUOTED_INCLUDE_IN_FRAMEWORK_HEADER = YES;
				CLANG_WARN_RANGE_LOOP_ANALYSIS = YES;
				CLANG_WARN_STRICT_PROTOTYPES = YES;
				CLANG_WARN_SUSPICIOUS_MOVE = YES;
				CLANG_WARN_UNGUARDED_AVAILABILITY = YES_AGGRESSIVE;
				CLANG_WARN_UNREACHABLE_CODE = YES;
				CLANG_WARN__DUPLICATE_METHOD_MATCH = YES;
				COPY_PHASE_STRIP = NO;
				DEBUG_INFORMATION_FORMAT = dwarf;
				ENABLE_STRICT_OBJC_MSGSEND = YES;
				ENABLE_TESTABILITY = YES;
				GCC_C_LANGUAGE_STANDARD = gnu11;
				GCC_DYNAMIC_NO_PIC = NO;
				GCC_NO_COMMON_BLOCKS = YES;
				GCC_OPTIMIZATION_LEVEL = 0;
				GCC_PREPROCESSOR_DEFINITIONS = (
					"DEBUG=1",
					"$(inherited)",
				);
				GCC_WARN_64_TO_32_BIT_CONVERSION = YES;
				GCC_WARN_ABOUT_RETURN_TYPE = YES_ERROR;
				GCC_WARN_UNDECLARED_SELECTOR = YES;
				GCC_WARN_UNINITIALIZED_AUTOS = YES_AGGRESSIVE;
				GCC_WARN_UNUSED_FUNCTION = YES;
				GCC_WARN_UNUSED_VARIABLE = YES;
				IPHONEOS_DEPLOYMENT_TARGET = 14.4;
				MTL_ENABLE_DEBUG_INFO = INCLUDE_SOURCE;
				MTL_FAST_MATH = YES;
				ONLY_ACTIVE_ARCH = YES;
				SDKROOT = iphoneos;
				SWIFT_ACTIVE_COMPILATION_CONDITIONS = DEBUG;
				SWIFT_OPTIMIZATION_LEVEL = "-Onone";
			};
			name = Debug;
		};
		9DEE671226C01C4900F1D279 /* Release */ = {
			isa = XCBuildConfiguration;
			buildSettings = {
				ALWAYS_SEARCH_USER_PATHS = NO;
				CLANG_ANALYZER_NONNULL = YES;
				CLANG_ANALYZER_NUMBER_OBJECT_CONVERSION = YES_AGGRESSIVE;
				CLANG_CXX_LANGUAGE_STANDARD = "gnu++14";
				CLANG_CXX_LIBRARY = "libc++";
				CLANG_ENABLE_MODULES = YES;
				CLANG_ENABLE_OBJC_ARC = YES;
				CLANG_ENABLE_OBJC_WEAK = YES;
				CLANG_WARN_BLOCK_CAPTURE_AUTORELEASING = YES;
				CLANG_WARN_BOOL_CONVERSION = YES;
				CLANG_WARN_COMMA = YES;
				CLANG_WARN_CONSTANT_CONVERSION = YES;
				CLANG_WARN_DEPRECATED_OBJC_IMPLEMENTATIONS = YES;
				CLANG_WARN_DIRECT_OBJC_ISA_USAGE = YES_ERROR;
				CLANG_WARN_DOCUMENTATION_COMMENTS = YES;
				CLANG_WARN_EMPTY_BODY = YES;
				CLANG_WARN_ENUM_CONVERSION = YES;
				CLANG_WARN_INFINITE_RECURSION = YES;
				CLANG_WARN_INT_CONVERSION = YES;
				CLANG_WARN_NON_LITERAL_NULL_CONVERSION = YES;
				CLANG_WARN_OBJC_IMPLICIT_RETAIN_SELF = YES;
				CLANG_WARN_OBJC_LITERAL_CONVERSION = YES;
				CLANG_WARN_OBJC_ROOT_CLASS = YES_ERROR;
				CLANG_WARN_QUOTED_INCLUDE_IN_FRAMEWORK_HEADER = YES;
				CLANG_WARN_RANGE_LOOP_ANALYSIS = YES;
				CLANG_WARN_STRICT_PROTOTYPES = YES;
				CLANG_WARN_SUSPICIOUS_MOVE = YES;
				CLANG_WARN_UNGUARDED_AVAILABILITY = YES_AGGRESSIVE;
				CLANG_WARN_UNREACHABLE_CODE = YES;
				CLANG_WARN__DUPLICATE_METHOD_MATCH = YES;
				COPY_PHASE_STRIP = NO;
				DEBUG_INFORMATION_FORMAT = "dwarf-with-dsym";
				ENABLE_NS_ASSERTIONS = NO;
				ENABLE_STRICT_OBJC_MSGSEND = YES;
				GCC_C_LANGUAGE_STANDARD = gnu11;
				GCC_NO_COMMON_BLOCKS = YES;
				GCC_WARN_64_TO_32_BIT_CONVERSION = YES;
				GCC_WARN_ABOUT_RETURN_TYPE = YES_ERROR;
				GCC_WARN_UNDECLARED_SELECTOR = YES;
				GCC_WARN_UNINITIALIZED_AUTOS = YES_AGGRESSIVE;
				GCC_WARN_UNUSED_FUNCTION = YES;
				GCC_WARN_UNUSED_VARIABLE = YES;
				IPHONEOS_DEPLOYMENT_TARGET = 14.4;
				MTL_ENABLE_DEBUG_INFO = NO;
				MTL_FAST_MATH = YES;
				SDKROOT = iphoneos;
				SWIFT_COMPILATION_MODE = wholemodule;
				SWIFT_OPTIMIZATION_LEVEL = "-O";
				VALIDATE_PRODUCT = YES;
			};
			name = Release;
		};
		9DEE671426C01C4900F1D279 /* Debug */ = {
			isa = XCBuildConfiguration;
			buildSettings = {
				ASSETCATALOG_COMPILER_APPICON_NAME = AppIcon;
				ASSETCATALOG_COMPILER_GLOBAL_ACCENT_COLOR_NAME = AccentColor;
				CODE_SIGN_STYLE = Automatic;
				DEVELOPMENT_TEAM = R3L738NLX5;
				INFOPLIST_FILE = UI_app/Config/Info.plist;
				IPHONEOS_DEPLOYMENT_TARGET = 14.4;
				LD_RUNPATH_SEARCH_PATHS = (
					"$(inherited)",
					"@executable_path/Frameworks",
				);
				PRODUCT_BUNDLE_IDENTIFIER = "test.UI-app";
				PRODUCT_NAME = "$(TARGET_NAME)";
				SWIFT_VERSION = 5.0;
				TARGETED_DEVICE_FAMILY = "1,2";
			};
			name = Debug;
		};
		9DEE671526C01C4900F1D279 /* Release */ = {
			isa = XCBuildConfiguration;
			buildSettings = {
				ASSETCATALOG_COMPILER_APPICON_NAME = AppIcon;
				ASSETCATALOG_COMPILER_GLOBAL_ACCENT_COLOR_NAME = AccentColor;
				CODE_SIGN_STYLE = Automatic;
				DEVELOPMENT_TEAM = R3L738NLX5;
				INFOPLIST_FILE = UI_app/Config/Info.plist;
				IPHONEOS_DEPLOYMENT_TARGET = 14.4;
				LD_RUNPATH_SEARCH_PATHS = (
					"$(inherited)",
					"@executable_path/Frameworks",
				);
				PRODUCT_BUNDLE_IDENTIFIER = "test.UI-app";
				PRODUCT_NAME = "$(TARGET_NAME)";
				SWIFT_VERSION = 5.0;
				TARGETED_DEVICE_FAMILY = "1,2";
			};
			name = Release;
		};
/* End XCBuildConfiguration section */

/* Begin XCConfigurationList section */
		9DEE66FA26C01C4800F1D279 /* Build configuration list for PBXProject "UI_app" */ = {
			isa = XCConfigurationList;
			buildConfigurations = (
				9DEE671126C01C4900F1D279 /* Debug */,
				9DEE671226C01C4900F1D279 /* Release */,
			);
			defaultConfigurationIsVisible = 0;
			defaultConfigurationName = Release;
		};
		9DEE671326C01C4900F1D279 /* Build configuration list for PBXNativeTarget "UI_app" */ = {
			isa = XCConfigurationList;
			buildConfigurations = (
				9DEE671426C01C4900F1D279 /* Debug */,
				9DEE671526C01C4900F1D279 /* Release */,
			);
			defaultConfigurationIsVisible = 0;
			defaultConfigurationName = Release;
		};
/* End XCConfigurationList section */
	};
	rootObject = 9DEE66F726C01C4800F1D279 /* Project object */;
}
